
Microsoft Visual Studio Solution File, Format Version 12.00
# Visual Studio 15
VisualStudioVersion = 15.0.28307.779
MinimumVisualStudioVersion = 10.0.40219.1
Project("{FAE04EC0-301F-11D3-BF4B-00C04F79EFBC}") = "FeriaVirtualWeb", "FeriaVirtualWeb\FeriaVirtualWeb.csproj", "{4799FC37-8181-4824-83BE-5D25CDD464DE}"
EndProject
Global
	GlobalSection(SolutionConfigurationPlatforms) = preSolution
		Debug|Any CPU = Debug|Any CPU
		Release|Any CPU = Release|Any CPU
	EndGlobalSection
	GlobalSection(ProjectConfigurationPlatforms) = postSolution
		{4799FC37-8181-4824-83BE-5D25CDD464DE}.Debug|Any CPU.ActiveCfg = Debug|Any CPU
		{4799FC37-8181-4824-83BE-5D25CDD464DE}.Debug|Any CPU.Build.0 = Debug|Any CPU
		{4799FC37-8181-4824-83BE-5D25CDD464DE}.Release|Any CPU.ActiveCfg = Release|Any CPU
		{4799FC37-8181-4824-83BE-5D25CDD464DE}.Release|Any CPU.Build.0 = Release|Any CPU
	EndGlobalSection
	GlobalSection(SolutionProperties) = preSolution
		HideSolutionNode = FALSE
	EndGlobalSection
	GlobalSection(ExtensibilityGlobals) = postSolution
		SolutionGuid = {A608BC40-823E-472C-A0F2-67355F976668}
	EndGlobalSection
EndGlobal
